
Microsoft Visual Studio Solution File, Format Version 12.00
# Visual Studio Version 17
VisualStudioVersion = 17.9.34616.47
MinimumVisualStudioVersion = 10.0.40219.1
Project("{FAE04EC0-301F-11D3-BF4B-00C04F79EFBC}") = "الة حاسبة", "الة حاسبة\الة حاسبة.csproj", "{B783FCB7-D5AC-4546-9122-2CEE6C7A04DF}"
EndProject
Global
	GlobalSection(SolutionConfigurationPlatforms) = preSolution
		Debug|Any CPU = Debug|Any CPU
		Release|Any CPU = Release|Any CPU
	EndGlobalSection
	GlobalSection(ProjectConfigurationPlatforms) = postSolution
		{B783FCB7-D5AC-4546-9122-2CEE6C7A04DF}.Debug|Any CPU.ActiveCfg = Debug|Any CPU
		{B783FCB7-D5AC-4546-9122-2CEE6C7A04DF}.Debug|Any CPU.Build.0 = Debug|Any CPU
		{B783FCB7-D5AC-4546-9122-2CEE6C7A04DF}.Release|Any CPU.ActiveCfg = Release|Any CPU
		{B783FCB7-D5AC-4546-9122-2CEE6C7A04DF}.Release|Any CPU.Build.0 = Release|Any CPU
	EndGlobalSection
	GlobalSection(SolutionProperties) = preSolution
		HideSolutionNode = FALSE
	EndGlobalSection
	GlobalSection(ExtensibilityGlobals) = postSolution
		SolutionGuid = {1FAB9AFC-5C93-465A-8EE2-9C8EE4C7841A}
	EndGlobalSection
EndGlobal
